// !$*UTF8*$!
{
	archiveVersion = 1;
	classes = {
	};
	objectVersion = 48;
	objects = {

/* Begin PBXBuildFile section */
		2A0564E01E9AD27C001997A5 /* CustomButton.swift in Sources */ = {isa = PBXBuildFile; fileRef = 2A0564DD1E9AD27C001997A5 /* CustomButton.swift */; };
		2A0564E11E9AD27C001997A5 /* MyCustomKeyboard.swift in Sources */ = {isa = PBXBuildFile; fileRef = 2A0564DE1E9AD27C001997A5 /* MyCustomKeyboard.swift */; };
		2A0564E21E9AD27C001997A5 /* MyCustomKeyboard.xib in Resources */ = {isa = PBXBuildFile; fileRef = 2A0564DF1E9AD27C001997A5 /* MyCustomKeyboard.xib */; };
		2A108EFE1EE6FCC200EE07AE /* Extentions.swift in Sources */ = {isa = PBXBuildFile; fileRef = 2A108EFD1EE6FCC200EE07AE /* Extentions.swift */; };
		2A179D5C1EB38796002CA4D8 /* DetailStationViewController.swift in Sources */ = {isa = PBXBuildFile; fileRef = 2A179D5B1EB38796002CA4D8 /* DetailStationViewController.swift */; };
		2A30C0DD1EDE1EFF0012DA72 /* Data.swift in Sources */ = {isa = PBXBuildFile; fileRef = 2A30C0DA1EDE1EFF0012DA72 /* Data.swift */; };
		2A30C0DE1EDE1EFF0012DA72 /* PickerView.swift in Sources */ = {isa = PBXBuildFile; fileRef = 2A30C0DB1EDE1EFF0012DA72 /* PickerView.swift */; };
		2A30C0DF1EDE1EFF0012DA72 /* PickerViewModel.swift in Sources */ = {isa = PBXBuildFile; fileRef = 2A30C0DC1EDE1EFF0012DA72 /* PickerViewModel.swift */; };
		2A613B901ECF9FEE0003E48A /* MeasurementsToPointHz+CoreDataClass.swift in Sources */ = {isa = PBXBuildFile; fileRef = 2A613B8E1ECF9FEE0003E48A /* MeasurementsToPointHz+CoreDataClass.swift */; };
		2A613B911ECF9FEE0003E48A /* MeasurementsToPointHz+CoreDataProperties.swift in Sources */ = {isa = PBXBuildFile; fileRef = 2A613B8F1ECF9FEE0003E48A /* MeasurementsToPointHz+CoreDataProperties.swift */; };
		2A68E0321E8BBFCA005F5699 /* Traverse_CoreData.xcdatamodeld in Sources */ = {isa = PBXBuildFile; fileRef = 2A68E0301E8BBFCA005F5699 /* Traverse_CoreData.xcdatamodeld */; };
		2A70CB6F1E983F2900285CB3 /* MeasurementsListViewController.swift in Sources */ = {isa = PBXBuildFile; fileRef = 2A70CB6E1E983F2900285CB3 /* MeasurementsListViewController.swift */; };
		2A84109A1EB8CB22006685B1 /* StationsTableViewController.swift in Sources */ = {isa = PBXBuildFile; fileRef = 2A8410961EB8CB22006685B1 /* StationsTableViewController.swift */; };
		2A84109E1EB8CC28006685B1 /* Station+CoreDataClass.swift in Sources */ = {isa = PBXBuildFile; fileRef = 2A84109D1EB8CC28006685B1 /* Station+CoreDataClass.swift */; };
		2A8410A01EB8CC5E006685B1 /* Points+CoreDataClass.swift in Sources */ = {isa = PBXBuildFile; fileRef = 2A84109F1EB8CC5E006685B1 /* Points+CoreDataClass.swift */; };
		2A8410A21EB8CC84006685B1 /* MeasurementsToStationBackSide+CoreDataClass.swift in Sources */ = {isa = PBXBuildFile; fileRef = 2A8410A11EB8CC84006685B1 /* MeasurementsToStationBackSide+CoreDataClass.swift */; };
		2A8410A41EB8CCD3006685B1 /* CoreDataManager.swift in Sources */ = {isa = PBXBuildFile; fileRef = 2A8410A31EB8CCD3006685B1 /* CoreDataManager.swift */; };
		2A8410A61EB8CE2D006685B1 /* MeasurementsToStationForwardSide+CoreDataClass.swift in Sources */ = {isa = PBXBuildFile; fileRef = 2A8410A51EB8CE2D006685B1 /* MeasurementsToStationForwardSide+CoreDataClass.swift */; };
		2A9B68281EE15742004A970D /* DetailPointMeasureViewController.swift in Sources */ = {isa = PBXBuildFile; fileRef = 2A9B68271EE15742004A970D /* DetailPointMeasureViewController.swift */; };
		2AACADFC1EDF544C0022F772 /* MeasurementsToPointVz+CoreDataClass.swift in Sources */ = {isa = PBXBuildFile; fileRef = 2AACADFA1EDF544C0022F772 /* MeasurementsToPointVz+CoreDataClass.swift */; };
		2AACADFD1EDF544C0022F772 /* MeasurementsToPointVz+CoreDataProperties.swift in Sources */ = {isa = PBXBuildFile; fileRef = 2AACADFB1EDF544C0022F772 /* MeasurementsToPointVz+CoreDataProperties.swift */; };
		2AACADFF1EDF58E90022F772 /* Points+CoreDataProperties.swift in Sources */ = {isa = PBXBuildFile; fileRef = 2AACADFE1EDF58E90022F772 /* Points+CoreDataProperties.swift */; };
		2ADCF33F1E8323440080DCF5 /* AppDelegate.swift in Sources */ = {isa = PBXBuildFile; fileRef = 2ADCF33E1E8323440080DCF5 /* AppDelegate.swift */; };
		2ADCF3491E8323440080DCF5 /* Assets.xcassets in Resources */ = {isa = PBXBuildFile; fileRef = 2ADCF3481E8323440080DCF5 /* Assets.xcassets */; };
		2ADCF34C1E8323440080DCF5 /* LaunchScreen.storyboard in Resources */ = {isa = PBXBuildFile; fileRef = 2ADCF34A1E8323440080DCF5 /* LaunchScreen.storyboard */; };
		2ADCF35D1E8324A20080DCF5 /* Classes.swift in Sources */ = {isa = PBXBuildFile; fileRef = 2ADCF35B1E8324A20080DCF5 /* Classes.swift */; };
		2ADCF3611E832A480080DCF5 /* Main.storyboard in Resources */ = {isa = PBXBuildFile; fileRef = 2ADCF35F1E832A470080DCF5 /* Main.storyboard */; };
		2AFE6FB11EB0A8C800DFA94F /* Station+CoreDataProperties.swift in Sources */ = {isa = PBXBuildFile; fileRef = 2AFE6FA71EB0A8C800DFA94F /* Station+CoreDataProperties.swift */; };
		2AFE6FB31EB0A8C800DFA94F /* MeasurementsToStationForwardSide+CoreDataProperties.swift in Sources */ = {isa = PBXBuildFile; fileRef = 2AFE6FA91EB0A8C800DFA94F /* MeasurementsToStationForwardSide+CoreDataProperties.swift */; };
		2AFE6FB51EB0A8C800DFA94F /* MeasurementsToStationBackSide+CoreDataProperties.swift in Sources */ = {isa = PBXBuildFile; fileRef = 2AFE6FAB1EB0A8C800DFA94F /* MeasurementsToStationBackSide+CoreDataProperties.swift */; };
/* End PBXBuildFile section */

/* Begin PBXFileReference section */
		2A0564DD1E9AD27C001997A5 /* CustomButton.swift */ = {isa = PBXFileReference; fileEncoding = 4; lastKnownFileType = sourcecode.swift; path = CustomButton.swift; sourceTree = "<group>"; };
		2A0564DE1E9AD27C001997A5 /* MyCustomKeyboard.swift */ = {isa = PBXFileReference; fileEncoding = 4; lastKnownFileType = sourcecode.swift; path = MyCustomKeyboard.swift; sourceTree = "<group>"; };
		2A0564DF1E9AD27C001997A5 /* MyCustomKeyboard.xib */ = {isa = PBXFileReference; fileEncoding = 4; lastKnownFileType = file.xib; path = MyCustomKeyboard.xib; sourceTree = "<group>"; };
		2A108EFD1EE6FCC200EE07AE /* Extentions.swift */ = {isa = PBXFileReference; fileEncoding = 4; lastKnownFileType = sourcecode.swift; path = Extentions.swift; sourceTree = "<group>"; };
		2A179D5B1EB38796002CA4D8 /* DetailStationViewController.swift */ = {isa = PBXFileReference; fileEncoding = 4; lastKnownFileType = sourcecode.swift; path = DetailStationViewController.swift; sourceTree = "<group>"; };
		2A30C0DA1EDE1EFF0012DA72 /* Data.swift */ = {isa = PBXFileReference; fileEncoding = 4; lastKnownFileType = sourcecode.swift; name = Data.swift; path = MyCustomPickerView/Data.swift; sourceTree = "<group>"; };
		2A30C0DB1EDE1EFF0012DA72 /* PickerView.swift */ = {isa = PBXFileReference; fileEncoding = 4; lastKnownFileType = sourcecode.swift; name = PickerView.swift; path = MyCustomPickerView/PickerView.swift; sourceTree = "<group>"; };
		2A30C0DC1EDE1EFF0012DA72 /* PickerViewModel.swift */ = {isa = PBXFileReference; fileEncoding = 4; lastKnownFileType = sourcecode.swift; name = PickerViewModel.swift; path = MyCustomPickerView/PickerViewModel.swift; sourceTree = "<group>"; };
		2A4C4D401F2A2A5600AD62C6 /* Result.playground */ = {isa = PBXFileReference; lastKnownFileType = file.playground; path = Result.playground; sourceTree = "<group>"; };
		2A613B8E1ECF9FEE0003E48A /* MeasurementsToPointHz+CoreDataClass.swift */ = {isa = PBXFileReference; fileEncoding = 4; lastKnownFileType = sourcecode.swift; name = "MeasurementsToPointHz+CoreDataClass.swift"; path = "Classes Core Data/MeasurementsToPointHz+CoreDataClass.swift"; sourceTree = "<group>"; };
		2A613B8F1ECF9FEE0003E48A /* MeasurementsToPointHz+CoreDataProperties.swift */ = {isa = PBXFileReference; fileEncoding = 4; lastKnownFileType = sourcecode.swift; name = "MeasurementsToPointHz+CoreDataProperties.swift"; path = "Classes Core Data/MeasurementsToPointHz+CoreDataProperties.swift"; sourceTree = "<group>"; };
		2A68E0311E8BBFCA005F5699 /* Traverse_CoreData.xcdatamodel */ = {isa = PBXFileReference; lastKnownFileType = wrapper.xcdatamodel; path = Traverse_CoreData.xcdatamodel; sourceTree = "<group>"; };
		2A70CB6E1E983F2900285CB3 /* MeasurementsListViewController.swift */ = {isa = PBXFileReference; fileEncoding = 4; lastKnownFileType = sourcecode.swift; path = MeasurementsListViewController.swift; sourceTree = "<group>"; };
		2A7EFA5D1EAE99A100F7CAD6 /* Traverse_CoreData 2.xcdatamodel */ = {isa = PBXFileReference; lastKnownFileType = wrapper.xcdatamodel; path = "Traverse_CoreData 2.xcdatamodel"; sourceTree = "<group>"; };
		2A8410961EB8CB22006685B1 /* StationsTableViewController.swift */ = {isa = PBXFileReference; fileEncoding = 4; lastKnownFileType = sourcecode.swift; path = StationsTableViewController.swift; sourceTree = "<group>"; };
		2A84109D1EB8CC28006685B1 /* Station+CoreDataClass.swift */ = {isa = PBXFileReference; fileEncoding = 4; lastKnownFileType = sourcecode.swift; name = "Station+CoreDataClass.swift"; path = "Classes Core Data/Station+CoreDataClass.swift"; sourceTree = "<group>"; };
		2A84109F1EB8CC5E006685B1 /* Points+CoreDataClass.swift */ = {isa = PBXFileReference; fileEncoding = 4; lastKnownFileType = sourcecode.swift; name = "Points+CoreDataClass.swift"; path = "Classes Core Data/Points+CoreDataClass.swift"; sourceTree = "<group>"; };
		2A8410A11EB8CC84006685B1 /* MeasurementsToStationBackSide+CoreDataClass.swift */ = {isa = PBXFileReference; fileEncoding = 4; lastKnownFileType = sourcecode.swift; name = "MeasurementsToStationBackSide+CoreDataClass.swift"; path = "Classes Core Data/MeasurementsToStationBackSide+CoreDataClass.swift"; sourceTree = "<group>"; };
		2A8410A31EB8CCD3006685B1 /* CoreDataManager.swift */ = {isa = PBXFileReference; fileEncoding = 4; lastKnownFileType = sourcecode.swift; name = CoreDataManager.swift; path = "Classes Core Data/CoreDataManager.swift"; sourceTree = "<group>"; };
		2A8410A51EB8CE2D006685B1 /* MeasurementsToStationForwardSide+CoreDataClass.swift */ = {isa = PBXFileReference; fileEncoding = 4; lastKnownFileType = sourcecode.swift; name = "MeasurementsToStationForwardSide+CoreDataClass.swift"; path = "Classes Core Data/MeasurementsToStationForwardSide+CoreDataClass.swift"; sourceTree = "<group>"; };
		2A9B68271EE15742004A970D /* DetailPointMeasureViewController.swift */ = {isa = PBXFileReference; fileEncoding = 4; lastKnownFileType = sourcecode.swift; path = DetailPointMeasureViewController.swift; sourceTree = "<group>"; };
		2AACADFA1EDF544C0022F772 /* MeasurementsToPointVz+CoreDataClass.swift */ = {isa = PBXFileReference; fileEncoding = 4; lastKnownFileType = sourcecode.swift; name = "MeasurementsToPointVz+CoreDataClass.swift"; path = "Classes Core Data/MeasurementsToPointVz+CoreDataClass.swift"; sourceTree = "<group>"; };
		2AACADFB1EDF544C0022F772 /* MeasurementsToPointVz+CoreDataProperties.swift */ = {isa = PBXFileReference; fileEncoding = 4; lastKnownFileType = sourcecode.swift; name = "MeasurementsToPointVz+CoreDataProperties.swift"; path = "Classes Core Data/MeasurementsToPointVz+CoreDataProperties.swift"; sourceTree = "<group>"; };
		2AACADFE1EDF58E90022F772 /* Points+CoreDataProperties.swift */ = {isa = PBXFileReference; fileEncoding = 4; lastKnownFileType = sourcecode.swift; name = "Points+CoreDataProperties.swift"; path = "Classes Core Data/Points+CoreDataProperties.swift"; sourceTree = "<group>"; };
		2ADCF33B1E8323440080DCF5 /* Traverse.CoreData.app */ = {isa = PBXFileReference; explicitFileType = wrapper.application; includeInIndex = 0; path = Traverse.CoreData.app; sourceTree = BUILT_PRODUCTS_DIR; };
		2ADCF33E1E8323440080DCF5 /* AppDelegate.swift */ = {isa = PBXFileReference; lastKnownFileType = sourcecode.swift; path = AppDelegate.swift; sourceTree = "<group>"; };
		2ADCF3481E8323440080DCF5 /* Assets.xcassets */ = {isa = PBXFileReference; lastKnownFileType = folder.assetcatalog; path = Assets.xcassets; sourceTree = "<group>"; };
		2ADCF34B1E8323440080DCF5 /* Base */ = {isa = PBXFileReference; lastKnownFileType = file.storyboard; name = Base; path = Base.lproj/LaunchScreen.storyboard; sourceTree = "<group>"; };
		2ADCF34D1E8323440080DCF5 /* Info.plist */ = {isa = PBXFileReference; lastKnownFileType = text.plist.xml; path = Info.plist; sourceTree = "<group>"; };
		2ADCF35B1E8324A20080DCF5 /* Classes.swift */ = {isa = PBXFileReference; fileEncoding = 4; lastKnownFileType = sourcecode.swift; path = Classes.swift; sourceTree = "<group>"; };
		2ADCF3601E832A470080DCF5 /* Base */ = {isa = PBXFileReference; lastKnownFileType = file.storyboard; name = Base; path = Base.lproj/Main.storyboard; sourceTree = "<group>"; };
		2AF869421EEAA2310046C545 /* Example.playground */ = {isa = PBXFileReference; lastKnownFileType = file.playground; path = Example.playground; sourceTree = "<group>"; };
		2AFA73AA1EAFE0FF0018B907 /* Traverse_CoreData(AllToMany).xcdatamodel */ = {isa = PBXFileReference; lastKnownFileType = wrapper.xcdatamodel; path = "Traverse_CoreData(AllToMany).xcdatamodel"; sourceTree = "<group>"; };
		2AFE6FA71EB0A8C800DFA94F /* Station+CoreDataProperties.swift */ = {isa = PBXFileReference; fileEncoding = 4; lastKnownFileType = sourcecode.swift; name = "Station+CoreDataProperties.swift"; path = "Classes Core Data/Station+CoreDataProperties.swift"; sourceTree = "<group>"; };
		2AFE6FA91EB0A8C800DFA94F /* MeasurementsToStationForwardSide+CoreDataProperties.swift */ = {isa = PBXFileReference; fileEncoding = 4; lastKnownFileType = sourcecode.swift; name = "MeasurementsToStationForwardSide+CoreDataProperties.swift"; path = "Classes Core Data/MeasurementsToStationForwardSide+CoreDataProperties.swift"; sourceTree = "<group>"; };
		2AFE6FAB1EB0A8C800DFA94F /* MeasurementsToStationBackSide+CoreDataProperties.swift */ = {isa = PBXFileReference; fileEncoding = 4; lastKnownFileType = sourcecode.swift; name = "MeasurementsToStationBackSide+CoreDataProperties.swift"; path = "Classes Core Data/MeasurementsToStationBackSide+CoreDataProperties.swift"; sourceTree = "<group>"; };
/* End PBXFileReference section */

/* Begin PBXFrameworksBuildPhase section */
		2ADCF3381E8323440080DCF5 /* Frameworks */ = {
			isa = PBXFrameworksBuildPhase;
			buildActionMask = 2147483647;
			files = (
			);
			runOnlyForDeploymentPostprocessing = 0;
		};
/* End PBXFrameworksBuildPhase section */

/* Begin PBXGroup section */
		2A0564DC1E9AD27C001997A5 /* Custom Keyboard */ = {
			isa = PBXGroup;
			children = (
				2A0564DD1E9AD27C001997A5 /* CustomButton.swift */,
				2A0564DE1E9AD27C001997A5 /* MyCustomKeyboard.swift */,
				2A0564DF1E9AD27C001997A5 /* MyCustomKeyboard.xib */,
			);
			path = "Custom Keyboard";
			sourceTree = "<group>";
		};
		2A70CB6D1E983BEA00285CB3 /* Model */ = {
			isa = PBXGroup;
			children = (
				2AACADFA1EDF544C0022F772 /* MeasurementsToPointVz+CoreDataClass.swift */,
				2AACADFB1EDF544C0022F772 /* MeasurementsToPointVz+CoreDataProperties.swift */,
				2A613B8E1ECF9FEE0003E48A /* MeasurementsToPointHz+CoreDataClass.swift */,
				2A613B8F1ECF9FEE0003E48A /* MeasurementsToPointHz+CoreDataProperties.swift */,
				2A84109D1EB8CC28006685B1 /* Station+CoreDataClass.swift */,
				2AFE6FA71EB0A8C800DFA94F /* Station+CoreDataProperties.swift */,
				2A84109F1EB8CC5E006685B1 /* Points+CoreDataClass.swift */,
				2AACADFE1EDF58E90022F772 /* Points+CoreDataProperties.swift */,
				2A8410A51EB8CE2D006685B1 /* MeasurementsToStationForwardSide+CoreDataClass.swift */,
				2AFE6FA91EB0A8C800DFA94F /* MeasurementsToStationForwardSide+CoreDataProperties.swift */,
				2A8410A11EB8CC84006685B1 /* MeasurementsToStationBackSide+CoreDataClass.swift */,
				2AFE6FAB1EB0A8C800DFA94F /* MeasurementsToStationBackSide+CoreDataProperties.swift */,
				2A8410A31EB8CCD3006685B1 /* CoreDataManager.swift */,
			);
			name = Model;
			path = ..;
			sourceTree = "<group>";
		};
		2A732BCF1EBB749E000EFFF6 /* CustomPickerView */ = {
			isa = PBXGroup;
			children = (
				2A30C0DA1EDE1EFF0012DA72 /* Data.swift */,
				2A30C0DB1EDE1EFF0012DA72 /* PickerView.swift */,
				2A30C0DC1EDE1EFF0012DA72 /* PickerViewModel.swift */,
			);
			name = CustomPickerView;
			sourceTree = "<group>";
		};
		2ADCF3321E8323440080DCF5 = {
			isa = PBXGroup;
			children = (
				2A4C4D401F2A2A5600AD62C6 /* Result.playground */,
				2AF869421EEAA2310046C545 /* Example.playground */,
				2A732BCF1EBB749E000EFFF6 /* CustomPickerView */,
				2A0564DC1E9AD27C001997A5 /* Custom Keyboard */,
				2ADCF33D1E8323440080DCF5 /* Traverse.CoreData */,
				2ADCF33C1E8323440080DCF5 /* Products */,
			);
			sourceTree = "<group>";
		};
		2ADCF33C1E8323440080DCF5 /* Products */ = {
			isa = PBXGroup;
			children = (
				2ADCF33B1E8323440080DCF5 /* Traverse.CoreData.app */,
			);
			name = Products;
			sourceTree = "<group>";
		};
		2ADCF33D1E8323440080DCF5 /* Traverse.CoreData */ = {
			isa = PBXGroup;
			children = (
				2ADCF33E1E8323440080DCF5 /* AppDelegate.swift */,
				2A8410961EB8CB22006685B1 /* StationsTableViewController.swift */,
				2A179D5B1EB38796002CA4D8 /* DetailStationViewController.swift */,
				2A70CB6E1E983F2900285CB3 /* MeasurementsListViewController.swift */,
				2A9B68271EE15742004A970D /* DetailPointMeasureViewController.swift */,
				2ADCF35B1E8324A20080DCF5 /* Classes.swift */,
				2A108EFD1EE6FCC200EE07AE /* Extentions.swift */,
				2A70CB6D1E983BEA00285CB3 /* Model */,
				2ADCF3481E8323440080DCF5 /* Assets.xcassets */,
				2ADCF35F1E832A470080DCF5 /* Main.storyboard */,
				2ADCF34A1E8323440080DCF5 /* LaunchScreen.storyboard */,
				2ADCF34D1E8323440080DCF5 /* Info.plist */,
				2A68E0301E8BBFCA005F5699 /* Traverse_CoreData.xcdatamodeld */,
			);
			path = Traverse.CoreData;
			sourceTree = "<group>";
		};
/* End PBXGroup section */

/* Begin PBXNativeTarget section */
		2ADCF33A1E8323440080DCF5 /* Traverse.CoreData */ = {
			isa = PBXNativeTarget;
			buildConfigurationList = 2ADCF3501E8323440080DCF5 /* Build configuration list for PBXNativeTarget "Traverse.CoreData" */;
			buildPhases = (
				2ADCF3371E8323440080DCF5 /* Sources */,
				2ADCF3381E8323440080DCF5 /* Frameworks */,
				2ADCF3391E8323440080DCF5 /* Resources */,
			);
			buildRules = (
			);
			dependencies = (
			);
			name = Traverse.CoreData;
			productName = Traverse.CoreData;
			productReference = 2ADCF33B1E8323440080DCF5 /* Traverse.CoreData.app */;
			productType = "com.apple.product-type.application";
		};
/* End PBXNativeTarget section */

/* Begin PBXProject section */
		2ADCF3331E8323440080DCF5 /* Project object */ = {
			isa = PBXProject;
			attributes = {
				LastSwiftUpdateCheck = 0830;
				LastUpgradeCheck = 0820;
				ORGANIZATIONNAME = "Kantulaev Ruslan";
				TargetAttributes = {
					2ADCF33A1E8323440080DCF5 = {
						CreatedOnToolsVersion = 8.2.1;
						LastSwiftMigration = 0820;
						ProvisioningStyle = Automatic;
					};
				};
			};
			buildConfigurationList = 2ADCF3361E8323440080DCF5 /* Build configuration list for PBXProject "Traverse.CoreData" */;
			compatibilityVersion = "Xcode 8.0";
			developmentRegion = English;
			hasScannedForEncodings = 0;
			knownRegions = (
				en,
				Base,
			);
			mainGroup = 2ADCF3321E8323440080DCF5;
			productRefGroup = 2ADCF33C1E8323440080DCF5 /* Products */;
			projectDirPath = "";
			projectRoot = "";
			targets = (
				2ADCF33A1E8323440080DCF5 /* Traverse.CoreData */,
			);
		};
/* End PBXProject section */

/* Begin PBXResourcesBuildPhase section */
		2ADCF3391E8323440080DCF5 /* Resources */ = {
			isa = PBXResourcesBuildPhase;
			buildActionMask = 2147483647;
			files = (
				2ADCF3611E832A480080DCF5 /* Main.storyboard in Resources */,
				2ADCF34C1E8323440080DCF5 /* LaunchScreen.storyboard in Resources */,
				2ADCF3491E8323440080DCF5 /* Assets.xcassets in Resources */,
				2A0564E21E9AD27C001997A5 /* MyCustomKeyboard.xib in Resources */,
			);
			runOnlyForDeploymentPostprocessing = 0;
		};
/* End PBXResourcesBuildPhase section */

/* Begin PBXSourcesBuildPhase section */
		2ADCF3371E8323440080DCF5 /* Sources */ = {
			isa = PBXSourcesBuildPhase;
			buildActionMask = 2147483647;
			files = (
				2A8410A21EB8CC84006685B1 /* MeasurementsToStationBackSide+CoreDataClass.swift in Sources */,
				2A613B901ECF9FEE0003E48A /* MeasurementsToPointHz+CoreDataClass.swift in Sources */,
				2A84109A1EB8CB22006685B1 /* StationsTableViewController.swift in Sources */,
				2A613B911ECF9FEE0003E48A /* MeasurementsToPointHz+CoreDataProperties.swift in Sources */,
				2ADCF33F1E8323440080DCF5 /* AppDelegate.swift in Sources */,
				2A30C0DE1EDE1EFF0012DA72 /* PickerView.swift in Sources */,
				2A0564E01E9AD27C001997A5 /* CustomButton.swift in Sources */,
				2A8410A01EB8CC5E006685B1 /* Points+CoreDataClass.swift in Sources */,
				2A108EFE1EE6FCC200EE07AE /* Extentions.swift in Sources */,
				2A70CB6F1E983F2900285CB3 /* MeasurementsListViewController.swift in Sources */,
				2ADCF35D1E8324A20080DCF5 /* Classes.swift in Sources */,
				2A30C0DF1EDE1EFF0012DA72 /* PickerViewModel.swift in Sources */,
				2AFE6FB11EB0A8C800DFA94F /* Station+CoreDataProperties.swift in Sources */,
				2A30C0DD1EDE1EFF0012DA72 /* Data.swift in Sources */,
				2AACADFC1EDF544C0022F772 /* MeasurementsToPointVz+CoreDataClass.swift in Sources */,
				2AFE6FB51EB0A8C800DFA94F /* MeasurementsToStationBackSide+CoreDataProperties.swift in Sources */,
				2A0564E11E9AD27C001997A5 /* MyCustomKeyboard.swift in Sources */,
				2A84109E1EB8CC28006685B1 /* Station+CoreDataClass.swift in Sources */,
				2AACADFD1EDF544C0022F772 /* MeasurementsToPointVz+CoreDataProperties.swift in Sources */,
				2AACADFF1EDF58E90022F772 /* Points+CoreDataProperties.swift in Sources */,
				2A179D5C1EB38796002CA4D8 /* DetailStationViewController.swift in Sources */,
				2A8410A61EB8CE2D006685B1 /* MeasurementsToStationForwardSide+CoreDataClass.swift in Sources */,
				2AFE6FB31EB0A8C800DFA94F /* MeasurementsToStationForwardSide+CoreDataProperties.swift in Sources */,
				2A9B68281EE15742004A970D /* DetailPointMeasureViewController.swift in Sources */,
				2A8410A41EB8CCD3006685B1 /* CoreDataManager.swift in Sources */,
				2A68E0321E8BBFCA005F5699 /* Traverse_CoreData.xcdatamodeld in Sources */,
			);
			runOnlyForDeploymentPostprocessing = 0;
		};
/* End PBXSourcesBuildPhase section */

/* Begin PBXVariantGroup section */
		2ADCF34A1E8323440080DCF5 /* LaunchScreen.storyboard */ = {
			isa = PBXVariantGroup;
			children = (
				2ADCF34B1E8323440080DCF5 /* Base */,
			);
			name = LaunchScreen.storyboard;
			sourceTree = "<group>";
		};
		2ADCF35F1E832A470080DCF5 /* Main.storyboard */ = {
			isa = PBXVariantGroup;
			children = (
				2ADCF3601E832A470080DCF5 /* Base */,
			);
			name = Main.storyboard;
			sourceTree = "<group>";
		};
/* End PBXVariantGroup section */

/* Begin XCBuildConfiguration section */
		2ADCF34E1E8323440080DCF5 /* Debug */ = {
			isa = XCBuildConfiguration;
			buildSettings = {
				ALWAYS_SEARCH_USER_PATHS = NO;
				CLANG_ANALYZER_NONNULL = YES;
				CLANG_CXX_LANGUAGE_STANDARD = "gnu++0x";
				CLANG_CXX_LIBRARY = "libc++";
				CLANG_ENABLE_MODULES = YES;
				CLANG_ENABLE_OBJC_ARC = YES;
				CLANG_WARN_BOOL_CONVERSION = YES;
				CLANG_WARN_CONSTANT_CONVERSION = YES;
				CLANG_WARN_DIRECT_OBJC_ISA_USAGE = YES_ERROR;
				CLANG_WARN_DOCUMENTATION_COMMENTS = YES;
				CLANG_WARN_EMPTY_BODY = YES;
				CLANG_WARN_ENUM_CONVERSION = YES;
				CLANG_WARN_INFINITE_RECURSION = YES;
				CLANG_WARN_INT_CONVERSION = YES;
				CLANG_WARN_OBJC_ROOT_CLASS = YES_ERROR;
				CLANG_WARN_SUSPICIOUS_MOVE = YES;
				CLANG_WARN_UNREACHABLE_CODE = YES;
				CLANG_WARN__DUPLICATE_METHOD_MATCH = YES;
				"CODE_SIGN_IDENTITY[sdk=iphoneos*]" = "iPhone Developer";
				COPY_PHASE_STRIP = NO;
				DEBUG_INFORMATION_FORMAT = dwarf;
				ENABLE_STRICT_OBJC_MSGSEND = YES;
				ENABLE_TESTABILITY = YES;
				GCC_C_LANGUAGE_STANDARD = gnu99;
				GCC_DYNAMIC_NO_PIC = NO;
				GCC_NO_COMMON_BLOCKS = YES;
				GCC_OPTIMIZATION_LEVEL = 0;
				GCC_PREPROCESSOR_DEFINITIONS = (
					"DEBUG=1",
					"$(inherited)",
				);
				GCC_WARN_64_TO_32_BIT_CONVERSION = YES;
				GCC_WARN_ABOUT_RETURN_TYPE = YES_ERROR;
				GCC_WARN_UNDECLARED_SELECTOR = YES;
				GCC_WARN_UNINITIALIZED_AUTOS = YES_AGGRESSIVE;
				GCC_WARN_UNUSED_FUNCTION = YES;
				GCC_WARN_UNUSED_VARIABLE = YES;
				IPHONEOS_DEPLOYMENT_TARGET = 10.2;
				MTL_ENABLE_DEBUG_INFO = YES;
				ONLY_ACTIVE_ARCH = YES;
				SDKROOT = iphoneos;
				SWIFT_ACTIVE_COMPILATION_CONDITIONS = DEBUG;
				SWIFT_OPTIMIZATION_LEVEL = "-Onone";
				TARGETED_DEVICE_FAMILY = "1,2";
			};
			name = Debug;
		};
		2ADCF34F1E8323440080DCF5 /* Release */ = {
			isa = XCBuildConfiguration;
			buildSettings = {
				ALWAYS_SEARCH_USER_PATHS = NO;
				CLANG_ANALYZER_NONNULL = YES;
				CLANG_CXX_LANGUAGE_STANDARD = "gnu++0x";
				CLANG_CXX_LIBRARY = "libc++";
				CLANG_ENABLE_MODULES = YES;
				CLANG_ENABLE_OBJC_ARC = YES;
				CLANG_WARN_BOOL_CONVERSION = YES;
				CLANG_WARN_CONSTANT_CONVERSION = YES;
				CLANG_WARN_DIRECT_OBJC_ISA_USAGE = YES_ERROR;
				CLANG_WARN_DOCUMENTATION_COMMENTS = YES;
				CLANG_WARN_EMPTY_BODY = YES;
				CLANG_WARN_ENUM_CONVERSION = YES;
				CLANG_WARN_INFINITE_RECURSION = YES;
				CLANG_WARN_INT_CONVERSION = YES;
				CLANG_WARN_OBJC_ROOT_CLASS = YES_ERROR;
				CLANG_WARN_SUSPICIOUS_MOVE = YES;
				CLANG_WARN_UNREACHABLE_CODE = YES;
				CLANG_WARN__DUPLICATE_METHOD_MATCH = YES;
				"CODE_SIGN_IDENTITY[sdk=iphoneos*]" = "iPhone Developer";
				COPY_PHASE_STRIP = NO;
				DEBUG_INFORMATION_FORMAT = "dwarf-with-dsym";
				ENABLE_NS_ASSERTIONS = NO;
				ENABLE_STRICT_OBJC_MSGSEND = YES;
				GCC_C_LANGUAGE_STANDARD = gnu99;
				GCC_NO_COMMON_BLOCKS = YES;
				GCC_WARN_64_TO_32_BIT_CONVERSION = YES;
				GCC_WARN_ABOUT_RETURN_TYPE = YES_ERROR;
				GCC_WARN_UNDECLARED_SELECTOR = YES;
				GCC_WARN_UNINITIALIZED_AUTOS = YES_AGGRESSIVE;
				GCC_WARN_UNUSED_FUNCTION = YES;
				GCC_WARN_UNUSED_VARIABLE = YES;
				IPHONEOS_DEPLOYMENT_TARGET = 10.2;
				MTL_ENABLE_DEBUG_INFO = NO;
				SDKROOT = iphoneos;
				SWIFT_OPTIMIZATION_LEVEL = "-Owholemodule";
				TARGETED_DEVICE_FAMILY = "1,2";
				VALIDATE_PRODUCT = YES;
			};
			name = Release;
		};
		2ADCF3511E8323440080DCF5 /* Debug */ = {
			isa = XCBuildConfiguration;
			buildSettings = {
				ASSETCATALOG_COMPILER_APPICON_NAME = AppIcon;
				"CODE_SIGN_IDENTITY[sdk=iphoneos*]" = "iPhone Developer";
				DEVELOPMENT_TEAM = 27C43TV93N;
				INFOPLIST_FILE = Traverse.CoreData/Info.plist;
				IPHONEOS_DEPLOYMENT_TARGET = 10.3;
				LD_RUNPATH_SEARCH_PATHS = "$(inherited) @executable_path/Frameworks";
				PRODUCT_BUNDLE_IDENTIFIER = "Kantulaev-Ruslan.Traverse-CoreData";
				PRODUCT_NAME = "$(TARGET_NAME)";
				PROVISIONING_PROFILE_SPECIFIER = "";
				SWIFT_VERSION = 3.0;
			};
			name = Debug;
		};
		2ADCF3521E8323440080DCF5 /* Release */ = {
			isa = XCBuildConfiguration;
			buildSettings = {
				ASSETCATALOG_COMPILER_APPICON_NAME = AppIcon;
				"CODE_SIGN_IDENTITY[sdk=iphoneos*]" = "iPhone Developer";
				DEVELOPMENT_TEAM = 27C43TV93N;
				INFOPLIST_FILE = Traverse.CoreData/Info.plist;
				IPHONEOS_DEPLOYMENT_TARGET = 10.3;
				LD_RUNPATH_SEARCH_PATHS = "$(inherited) @executable_path/Frameworks";
				PRODUCT_BUNDLE_IDENTIFIER = "Kantulaev-Ruslan.Traverse-CoreData";
				PRODUCT_NAME = "$(TARGET_NAME)";
				PROVISIONING_PROFILE_SPECIFIER = "";
				SWIFT_VERSION = 3.0;
			};
			name = Release;
		};
/* End XCBuildConfiguration section */

/* Begin XCConfigurationList section */
		2ADCF3361E8323440080DCF5 /* Build configuration list for PBXProject "Traverse.CoreData" */ = {
			isa = XCConfigurationList;
			buildConfigurations = (
				2ADCF34E1E8323440080DCF5 /* Debug */,
				2ADCF34F1E8323440080DCF5 /* Release */,
			);
			defaultConfigurationIsVisible = 0;
			defaultConfigurationName = Release;
		};
		2ADCF3501E8323440080DCF5 /* Build configuration list for PBXNativeTarget "Traverse.CoreData" */ = {
			isa = XCConfigurationList;
			buildConfigurations = (
				2ADCF3511E8323440080DCF5 /* Debug */,
				2ADCF3521E8323440080DCF5 /* Release */,
			);
			defaultConfigurationIsVisible = 0;
			defaultConfigurationName = Release;
		};
/* End XCConfigurationList section */

/* Begin XCVersionGroup section */
		2A68E0301E8BBFCA005F5699 /* Traverse_CoreData.xcdatamodeld */ = {
			isa = XCVersionGroup;
			children = (
				2AFA73AA1EAFE0FF0018B907 /* Traverse_CoreData(AllToMany).xcdatamodel */,
				2A7EFA5D1EAE99A100F7CAD6 /* Traverse_CoreData 2.xcdatamodel */,
				2A68E0311E8BBFCA005F5699 /* Traverse_CoreData.xcdatamodel */,
			);
			currentVersion = 2A7EFA5D1EAE99A100F7CAD6 /* Traverse_CoreData 2.xcdatamodel */;
			path = Traverse_CoreData.xcdatamodeld;
			sourceTree = "<group>";
			versionGroupType = wrapper.xcdatamodel;
		};
/* End XCVersionGroup section */
	};
	rootObject = 2ADCF3331E8323440080DCF5 /* Project object */;
}
